
Microsoft Visual Studio Solution File, Format Version 12.00
# Visual Studio Version 17
VisualStudioVersion = 17.5.002.0
MinimumVisualStudioVersion = 10.0.40219.1
Project("{9A19103F-16F7-4668-BE54-9A1E7A4F7556}") = "TodoApi", "TodoApi.csproj", "{1BB48ED0-CF73-4E0F-961C-8327501B553F}"
EndProject
Global
	GlobalSection(SolutionConfigurationPlatforms) = preSolution
		Debug|Any CPU = Debug|Any CPU
		Release|Any CPU = Release|Any CPU
	EndGlobalSection
	GlobalSection(ProjectConfigurationPlatforms) = postSolution
		{1BB48ED0-CF73-4E0F-961C-8327501B553F}.Debug|Any CPU.ActiveCfg = Debug|Any CPU
		{1BB48ED0-CF73-4E0F-961C-8327501B553F}.Debug|Any CPU.Build.0 = Debug|Any CPU
		{1BB48ED0-CF73-4E0F-961C-8327501B553F}.Release|Any CPU.ActiveCfg = Release|Any CPU
		{1BB48ED0-CF73-4E0F-961C-8327501B553F}.Release|Any CPU.Build.0 = Release|Any CPU
	EndGlobalSection
	GlobalSection(SolutionProperties) = preSolution
		HideSolutionNode = FALSE
	EndGlobalSection
	GlobalSection(ExtensibilityGlobals) = postSolution
		SolutionGuid = {86A9F5D8-21E3-444C-AFCF-E91853449D34}
	EndGlobalSection
EndGlobal
